%{
  "antl_utils_ecto": {:hex, :antl_utils_ecto, "2.8.6", "20bea1c00a0e65e8415d4d4273ea4dcb492329e651be84ae1912c2541abde125", [:mix], [{:antl_utils_elixir, "~> 1.4.1", [hex: :antl_utils_elixir, repo: "hexpm", optional: false]}, {:ecto, ">= 3.8.4", [hex: :ecto, repo: "hexpm", optional: false]}, {:jason, "~> 1.2", [hex: :jason, repo: "hexpm", optional: false]}], "hexpm", "b672cdc8cb4cc2eecdf82c7b662112388c70653ef1ef1472154f24030c10b64d"},
  "antl_utils_elixir": {:hex, :antl_utils_elixir, "1.4.1", "7b681de4173a8848a1e4f8f4b0bfa2000f37d4d7613d441e16fabd6772158af3", [:mix], [], "hexpm", "51ad59d0a3372f983456dad7fba51749aab89d11bc8b42e97a07fe0fceb33cca"},
  "app_recorder": {:hex, :app_recorder, "0.4.3", "7764245c2c1aa93ddc579fef51c76da355e541302f6cd6a8283d4c6d6de136bf", [:mix], [{:antl_utils_ecto, "~> 2.4", [hex: :antl_utils_ecto, repo: "hexpm", optional: false]}, {:ecto_sql, "~> 3.6", [hex: :ecto_sql, repo: "hexpm", optional: false]}, {:jason, "~> 1.2", [hex: :jason, repo: "hexpm", optional: false]}, {:padlock, "~> 0.2", [hex: :padlock, repo: "hexpm", optional: false]}, {:plug_cowboy, "~> 2.0", [hex: :plug_cowboy, repo: "hexpm", optional: false]}, {:recase, "~> 0.7", [hex: :recase, repo: "hexpm", optional: false]}, {:shortcode, "~> 0.7.0", [hex: :shortcode, repo: "hexpm", optional: false]}], "hexpm", "fcdee7fae89a5bd89e6a310af0280bf9b97b5df076f045a91c1fcd526a37ce3f"},
  "bypass": {:hex, :bypass, "2.1.0", "909782781bf8e20ee86a9cabde36b259d44af8b9f38756173e8f5e2e1fabb9b1", [:mix], [{:plug, "~> 1.7", [hex: :plug, repo: "hexpm", optional: false]}, {:plug_cowboy, "~> 2.0", [hex: :plug_cowboy, repo: "hexpm", optional: false]}, {:ranch, "~> 1.3", [hex: :ranch, repo: "hexpm", optional: false]}], "hexpm", "d9b5df8fa5b7a6efa08384e9bbecfe4ce61c77d28a4282f79e02f1ef78d96b80"},
  "castore": {:hex, :castore, "1.0.1", "240b9edb4e9e94f8f56ab39d8d2d0a57f49e46c56aced8f873892df8ff64ff5a", [:mix], [], "hexpm", "b4951de93c224d44fac71614beabd88b71932d0b1dea80d2f80fb9044e01bbb3"},
  "connection": {:hex, :connection, "1.1.0", "ff2a49c4b75b6fb3e674bfc5536451607270aac754ffd1bdfe175abe4a6d7a68", [:mix], [], "hexpm", "722c1eb0a418fbe91ba7bd59a47e28008a189d47e37e0e7bb85585a016b2869c"},
  "cowboy": {:hex, :cowboy, "2.9.0", "865dd8b6607e14cf03282e10e934023a1bd8be6f6bacf921a7e2a96d800cd452", [:make, :rebar3], [{:cowlib, "2.11.0", [hex: :cowlib, repo: "hexpm", optional: false]}, {:ranch, "1.8.0", [hex: :ranch, repo: "hexpm", optional: false]}], "hexpm", "2c729f934b4e1aa149aff882f57c6372c15399a20d54f65c8d67bef583021bde"},
  "cowboy_telemetry": {:hex, :cowboy_telemetry, "0.4.0", "f239f68b588efa7707abce16a84d0d2acf3a0f50571f8bb7f56a15865aae820c", [:rebar3], [{:cowboy, "~> 2.7", [hex: :cowboy, repo: "hexpm", optional: false]}, {:telemetry, "~> 1.0", [hex: :telemetry, repo: "hexpm", optional: false]}], "hexpm", "7d98bac1ee4565d31b62d59f8823dfd8356a169e7fcbb83831b8a5397404c9de"},
  "cowlib": {:hex, :cowlib, "2.11.0", "0b9ff9c346629256c42ebe1eeb769a83c6cb771a6ee5960bd110ab0b9b872063", [:make, :rebar3], [], "hexpm", "2b3e9da0b21c4565751a6d4901c20d1b4cc25cbb7fd50d91d2ab6dd287bc86a9"},
  "custom_base": {:hex, :custom_base, "0.2.1", "4a832a42ea0552299d81652aa0b1f775d462175293e99dfbe4d7dbaab785a706", [:mix], [], "hexpm", "8df019facc5ec9603e94f7270f1ac73ddf339f56ade76a721eaa57c1493ba463"},
  "db_connection": {:hex, :db_connection, "2.4.3", "3b9aac9f27347ec65b271847e6baeb4443d8474289bd18c1d6f4de655b70c94d", [:mix], [{:connection, "~> 1.0", [hex: :connection, repo: "hexpm", optional: false]}, {:telemetry, "~> 0.4 or ~> 1.0", [hex: :telemetry, repo: "hexpm", optional: false]}], "hexpm", "c127c15b0fa6cfb32eed07465e05da6c815b032508d4ed7c116122871df73c12"},
  "decimal": {:hex, :decimal, "2.0.0", "a78296e617b0f5dd4c6caf57c714431347912ffb1d0842e998e9792b5642d697", [:mix], [], "hexpm", "34666e9c55dea81013e77d9d87370fe6cb6291d1ef32f46a1600230b1d44f577"},
  "ecto": {:hex, :ecto, "3.9.2", "017db3bc786ff64271108522c01a5d3f6ba0aea5c84912cfb0dd73bf13684108", [:mix], [{:decimal, "~> 1.6 or ~> 2.0", [hex: :decimal, repo: "hexpm", optional: false]}, {:jason, "~> 1.0", [hex: :jason, repo: "hexpm", optional: true]}, {:telemetry, "~> 0.4 or ~> 1.0", [hex: :telemetry, repo: "hexpm", optional: false]}], "hexpm", "21466d5177e09e55289ac7eade579a642578242c7a3a9f91ad5c6583337a9d15"},
  "ecto_sql": {:hex, :ecto_sql, "3.9.1", "9bd5894eecc53d5b39d0c95180d4466aff00e10679e13a5cfa725f6f85c03c22", [:mix], [{:db_connection, "~> 2.4.1 or ~> 2.5", [hex: :db_connection, repo: "hexpm", optional: false]}, {:ecto, "~> 3.9.0", [hex: :ecto, repo: "hexpm", optional: false]}, {:myxql, "~> 0.6.0", [hex: :myxql, repo: "hexpm", optional: true]}, {:postgrex, "~> 0.16.0 or ~> 1.0", [hex: :postgrex, repo: "hexpm", optional: true]}, {:tds, "~> 2.1.1 or ~> 2.2", [hex: :tds, repo: "hexpm", optional: true]}, {:telemetry, "~> 0.4.0 or ~> 1.0", [hex: :telemetry, repo: "hexpm", optional: false]}], "hexpm", "5fd470a4fff2e829bbf9dcceb7f3f9f6d1e49b4241e802f614de6b8b67c51118"},
  "finch": {:hex, :finch, "0.16.0", "40733f02c89f94a112518071c0a91fe86069560f5dbdb39f9150042f44dcfb1a", [:mix], [{:castore, "~> 0.1 or ~> 1.0", [hex: :castore, repo: "hexpm", optional: false]}, {:mime, "~> 1.0 or ~> 2.0", [hex: :mime, repo: "hexpm", optional: false]}, {:mint, "~> 1.3", [hex: :mint, repo: "hexpm", optional: false]}, {:nimble_options, "~> 0.4 or ~> 1.0", [hex: :nimble_options, repo: "hexpm", optional: false]}, {:nimble_pool, "~> 0.2.6 or ~> 1.0", [hex: :nimble_pool, repo: "hexpm", optional: false]}, {:telemetry, "~> 0.4 or ~> 1.0", [hex: :telemetry, repo: "hexpm", optional: false]}], "hexpm", "f660174c4d519e5fec629016054d60edd822cdfe2b7270836739ac2f97735ec5"},
  "hpax": {:hex, :hpax, "0.1.2", "09a75600d9d8bbd064cdd741f21fc06fc1f4cf3d0fcc335e5aa19be1a7235c84", [:mix], [], "hexpm", "2c87843d5a23f5f16748ebe77969880e29809580efdaccd615cd3bed628a8c13"},
  "jason": {:hex, :jason, "1.4.0", "e855647bc964a44e2f67df589ccf49105ae039d4179db7f6271dfd3843dc27e6", [:mix], [{:decimal, "~> 1.0 or ~> 2.0", [hex: :decimal, repo: "hexpm", optional: true]}], "hexpm", "79a3791085b2a0f743ca04cec0f7be26443738779d09302e01318f97bdb82121"},
  "mime": {:hex, :mime, "2.0.3", "3676436d3d1f7b81b5a2d2bd8405f412c677558c81b1c92be58c00562bb59095", [:mix], [], "hexpm", "27a30bf0db44d25eecba73755acf4068cbfe26a4372f9eb3e4ea3a45956bff6b"},
  "mint": {:hex, :mint, "1.5.1", "8db5239e56738552d85af398798c80648db0e90f343c8469f6c6d8898944fb6f", [:mix], [{:castore, "~> 0.1.0 or ~> 1.0", [hex: :castore, repo: "hexpm", optional: true]}, {:hpax, "~> 0.1.1", [hex: :hpax, repo: "hexpm", optional: false]}], "hexpm", "4a63e1e76a7c3956abd2c72f370a0d0aecddc3976dea5c27eccbecfa5e7d5b1e"},
  "nimble_options": {:hex, :nimble_options, "1.0.2", "92098a74df0072ff37d0c12ace58574d26880e522c22801437151a159392270e", [:mix], [], "hexpm", "fd12a8db2021036ce12a309f26f564ec367373265b53e25403f0ee697380f1b8"},
  "nimble_pool": {:hex, :nimble_pool, "1.0.0", "5eb82705d138f4dd4423f69ceb19ac667b3b492ae570c9f5c900bb3d2f50a847", [:mix], [], "hexpm", "80be3b882d2d351882256087078e1b1952a28bf98d0a287be87e4a24a710b67a"},
  "padlock": {:hex, :padlock, "0.2.0", "5aa2b3f255ee67836ca5d7531b0e6d1a945da615c01aa8d136895a8eade92342", [:mix], [{:ecto_sql, "~> 3.6", [hex: :ecto_sql, repo: "hexpm", optional: false]}], "hexpm", "3aa328a1eea1e309f7b94f7020a80f960e0083f0551e96cdd94ab7ca5f2a1081"},
  "plug": {:hex, :plug, "1.14.0", "ba4f558468f69cbd9f6b356d25443d0b796fbdc887e03fa89001384a9cac638f", [:mix], [{:mime, "~> 1.0 or ~> 2.0", [hex: :mime, repo: "hexpm", optional: false]}, {:plug_crypto, "~> 1.1.1 or ~> 1.2", [hex: :plug_crypto, repo: "hexpm", optional: false]}, {:telemetry, "~> 0.4.3 or ~> 1.0", [hex: :telemetry, repo: "hexpm", optional: false]}], "hexpm", "bf020432c7d4feb7b3af16a0c2701455cbbbb95e5b6866132cb09eb0c29adc14"},
  "plug_cowboy": {:hex, :plug_cowboy, "2.6.0", "d1cf12ff96a1ca4f52207c5271a6c351a4733f413803488d75b70ccf44aebec2", [:mix], [{:cowboy, "~> 2.7", [hex: :cowboy, repo: "hexpm", optional: false]}, {:cowboy_telemetry, "~> 0.3", [hex: :cowboy_telemetry, repo: "hexpm", optional: false]}, {:plug, "~> 1.14", [hex: :plug, repo: "hexpm", optional: false]}], "hexpm", "073cf20b753ce6682ed72905cd62a2d4bd9bad1bf9f7feb02a1b8e525bd94fa6"},
  "plug_crypto": {:hex, :plug_crypto, "1.2.3", "8f77d13aeb32bfd9e654cb68f0af517b371fb34c56c9f2b58fe3df1235c1251a", [:mix], [], "hexpm", "b5672099c6ad5c202c45f5a403f21a3411247f164e4a8fab056e5cd8a290f4a2"},
  "ranch": {:hex, :ranch, "1.8.0", "8c7a100a139fd57f17327b6413e4167ac559fbc04ca7448e9be9057311597a1d", [:make, :rebar3], [], "hexpm", "49fbcfd3682fab1f5d109351b61257676da1a2fdbe295904176d5e521a2ddfe5"},
  "recase": {:hex, :recase, "0.7.0", "3f2f719f0886c7a3b7fe469058ec539cb7bbe0023604ae3bce920e186305e5ae", [:mix], [], "hexpm", "36f5756a9f552f4a94b54a695870e32f4e72d5fad9c25e61bc4a3151c08a4e0c"},
  "shortcode": {:hex, :shortcode, "0.7.0", "61af7884e771ec5c54ea3ca090e7cd3fd85de30d00313676a852e83d2e87f082", [:mix], [{:custom_base, "~> 0.2", [hex: :custom_base, repo: "hexpm", optional: false]}, {:ecto, "~> 3.5", [hex: :ecto, repo: "hexpm", optional: false]}], "hexpm", "0cd38a26ab2bd90187b1283120620e7886d103d5e3af8e2be683fa74c465d0ed"},
  "telemetry": {:hex, :telemetry, "1.2.1", "68fdfe8d8f05a8428483a97d7aab2f268aaff24b49e0f599faa091f1d4e7f61c", [:rebar3], [], "hexpm", "dad9ce9d8effc621708f99eac538ef1cbe05d6a874dd741de2e689c47feafed5"},
}
